
Microsoft Visual Studio Solution File, Format Version 12.00
# Visual Studio 15
VisualStudioVersion = 15.0.27004.2009
MinimumVisualStudioVersion = 10.0.40219.1
Project("{9A19103F-16F7-4668-BE54-9A1E7A4F7556}") = "Assignment2", "Assignment2\Assignment2.csproj", "{DCF9E7E1-AF74-4D60-B715-E46A99215C73}"
EndProject
Project("{9A19103F-16F7-4668-BE54-9A1E7A4F7556}") = "MyClassLibrary", "MyClassLibrary\MyClassLibrary.csproj", "{787C3570-2282-4EE2-B220-9F2165AB823F}"
EndProject
Global
	GlobalSection(SolutionConfigurationPlatforms) = preSolution
		Debug|Any CPU = Debug|Any CPU
		Debug|ARM = Debug|ARM
		Debug|x64 = Debug|x64
		Debug|x86 = Debug|x86
		Release|Any CPU = Release|Any CPU
		Release|ARM = Release|ARM
		Release|x64 = Release|x64
		Release|x86 = Release|x86
	EndGlobalSection
	GlobalSection(ProjectConfigurationPlatforms) = postSolution
		{DCF9E7E1-AF74-4D60-B715-E46A99215C73}.Debug|Any CPU.ActiveCfg = Debug|Any CPU
		{DCF9E7E1-AF74-4D60-B715-E46A99215C73}.Debug|Any CPU.Build.0 = Debug|Any CPU
		{DCF9E7E1-AF74-4D60-B715-E46A99215C73}.Debug|ARM.ActiveCfg = Debug|Any CPU
		{DCF9E7E1-AF74-4D60-B715-E46A99215C73}.Debug|ARM.Build.0 = Debug|Any CPU
		{DCF9E7E1-AF74-4D60-B715-E46A99215C73}.Debug|x64.ActiveCfg = Debug|Any CPU
		{DCF9E7E1-AF74-4D60-B715-E46A99215C73}.Debug|x64.Build.0 = Debug|Any CPU
		{DCF9E7E1-AF74-4D60-B715-E46A99215C73}.Debug|x86.ActiveCfg = Debug|Any CPU
		{DCF9E7E1-AF74-4D60-B715-E46A99215C73}.Debug|x86.Build.0 = Debug|Any CPU
		{DCF9E7E1-AF74-4D60-B715-E46A99215C73}.Release|Any CPU.ActiveCfg = Release|Any CPU
		{DCF9E7E1-AF74-4D60-B715-E46A99215C73}.Release|Any CPU.Build.0 = Release|Any CPU
		{DCF9E7E1-AF74-4D60-B715-E46A99215C73}.Release|ARM.ActiveCfg = Release|Any CPU
		{DCF9E7E1-AF74-4D60-B715-E46A99215C73}.Release|ARM.Build.0 = Release|Any CPU
		{DCF9E7E1-AF74-4D60-B715-E46A99215C73}.Release|x64.ActiveCfg = Release|Any CPU
		{DCF9E7E1-AF74-4D60-B715-E46A99215C73}.Release|x64.Build.0 = Release|Any CPU
		{DCF9E7E1-AF74-4D60-B715-E46A99215C73}.Release|x86.ActiveCfg = Release|Any CPU
		{DCF9E7E1-AF74-4D60-B715-E46A99215C73}.Release|x86.Build.0 = Release|Any CPU
		{787C3570-2282-4EE2-B220-9F2165AB823F}.Debug|Any CPU.ActiveCfg = Debug|Any CPU
		{787C3570-2282-4EE2-B220-9F2165AB823F}.Debug|Any CPU.Build.0 = Debug|Any CPU
		{787C3570-2282-4EE2-B220-9F2165AB823F}.Debug|ARM.ActiveCfg = Debug|Any CPU
		{787C3570-2282-4EE2-B220-9F2165AB823F}.Debug|ARM.Build.0 = Debug|Any CPU
		{787C3570-2282-4EE2-B220-9F2165AB823F}.Debug|x64.ActiveCfg = Debug|Any CPU
		{787C3570-2282-4EE2-B220-9F2165AB823F}.Debug|x64.Build.0 = Debug|Any CPU
		{787C3570-2282-4EE2-B220-9F2165AB823F}.Debug|x86.ActiveCfg = Debug|Any CPU
		{787C3570-2282-4EE2-B220-9F2165AB823F}.Debug|x86.Build.0 = Debug|Any CPU
		{787C3570-2282-4EE2-B220-9F2165AB823F}.Release|Any CPU.ActiveCfg = Release|Any CPU
		{787C3570-2282-4EE2-B220-9F2165AB823F}.Release|Any CPU.Build.0 = Release|Any CPU
		{787C3570-2282-4EE2-B220-9F2165AB823F}.Release|ARM.ActiveCfg = Release|Any CPU
		{787C3570-2282-4EE2-B220-9F2165AB823F}.Release|ARM.Build.0 = Release|Any CPU
		{787C3570-2282-4EE2-B220-9F2165AB823F}.Release|x64.ActiveCfg = Release|Any CPU
		{787C3570-2282-4EE2-B220-9F2165AB823F}.Release|x64.Build.0 = Release|Any CPU
		{787C3570-2282-4EE2-B220-9F2165AB823F}.Release|x86.ActiveCfg = Release|Any CPU
		{787C3570-2282-4EE2-B220-9F2165AB823F}.Release|x86.Build.0 = Release|Any CPU
	EndGlobalSection
	GlobalSection(SolutionProperties) = preSolution
		HideSolutionNode = FALSE
	EndGlobalSection
	GlobalSection(ExtensibilityGlobals) = postSolution
		SolutionGuid = {66481603-2983-4CF4-8A08-FB1FECE42375}
	EndGlobalSection
EndGlobal
